// !$*UTF8*$!
{
	archiveVersion = 1;
	classes = {
	};
	objectVersion = 56;
	objects = {

/* Begin PBXBuildFile section */
		CAFEBABECAFEBABE00000020 /* FreshtieApp.swift in Sources */ = {isa = PBXBuildFile; fileRef = CAFEBABECAFEBABE0000000D /* FreshtieApp.swift */; };
		CAFEBABECAFEBABE00000021 /* RootView.swift in Sources */ = {isa = PBXBuildFile; fileRef = CAFEBABECAFEBABE0000000E /* RootView.swift */; };
		CAFEBABECAFEBABE00000022 /* AppColors.swift in Sources */ = {isa = PBXBuildFile; fileRef = CAFEBABECAFEBABE0000000F /* AppColors.swift */; };
		CAFEBABECAFEBABE00000023 /* AppTypography.swift in Sources */ = {isa = PBXBuildFile; fileRef = CAFEBABECAFEBABE00000010 /* AppTypography.swift */; };
		CAFEBABECAFEBABE00000024 /* AppSpacing.swift in Sources */ = {isa = PBXBuildFile; fileRef = CAFEBABECAFEBABE00000011 /* AppSpacing.swift */; };
		CAFEBABECAFEBABE00000025 /* AvatarView.swift in Sources */ = {isa = PBXBuildFile; fileRef = CAFEBABECAFEBABE00000012 /* AvatarView.swift */; };
		CAFEBABECAFEBABE00000026 /* PersonRow.swift in Sources */ = {isa = PBXBuildFile; fileRef = CAFEBABECAFEBABE00000013 /* PersonRow.swift */; };
		CAFEBABECAFEBABE00000027 /* PromptChip.swift in Sources */ = {isa = PBXBuildFile; fileRef = CAFEBABECAFEBABE00000014 /* PromptChip.swift */; };
		CAFEBABECAFEBABE00000028 /* SectionHeader.swift in Sources */ = {isa = PBXBuildFile; fileRef = CAFEBABECAFEBABE00000015 /* SectionHeader.swift */; };
		CAFEBABECAFEBABE00000029 /* SearchSelectRow.swift in Sources */ = {isa = PBXBuildFile; fileRef = CAFEBABECAFEBABE00000016 /* SearchSelectRow.swift */; };
		CAFEBABECAFEBABE0000002A /* HomeView.swift in Sources */ = {isa = PBXBuildFile; fileRef = CAFEBABECAFEBABE00000017 /* HomeView.swift */; };
		CAFEBABECAFEBABE0000002B /* PersonView.swift in Sources */ = {isa = PBXBuildFile; fileRef = CAFEBABECAFEBABE00000018 /* PersonView.swift */; };
		CAFEBABECAFEBABE0000002C /* CaptureView.swift in Sources */ = {isa = PBXBuildFile; fileRef = CAFEBABECAFEBABE00000019 /* CaptureView.swift */; };
		CAFEBABECAFEBABE0000002D /* SettingsView.swift in Sources */ = {isa = PBXBuildFile; fileRef = CAFEBABECAFEBABE0000001A /* SettingsView.swift */; };
		CAFEBABECAFEBABE0000002E /* Person.swift in Sources */ = {isa = PBXBuildFile; fileRef = CAFEBABECAFEBABE0000001B /* Person.swift */; };
		CAFEBABECAFEBABE0000002F /* Prompt.swift in Sources */ = {isa = PBXBuildFile; fileRef = CAFEBABECAFEBABE0000001C /* Prompt.swift */; };
		CAFEBABECAFEBABE00000030 /* PreviewData.swift in Sources */ = {isa = PBXBuildFile; fileRef = CAFEBABECAFEBABE0000001D /* PreviewData.swift */; };
		CAFEBABECAFEBABE00000031 /* Assets.xcassets in Resources */ = {isa = PBXBuildFile; fileRef = CAFEBABECAFEBABE0000001E /* Assets.xcassets */; };
		CAFEBABECAFEBABE00000048 /* Note.swift in Sources */ = {isa = PBXBuildFile; fileRef = CAFEBABECAFEBABE00000042 /* Note.swift */; };
		CAFEBABECAFEBABE00000049 /* FreshtieContainer.swift in Sources */ = {isa = PBXBuildFile; fileRef = CAFEBABECAFEBABE00000043 /* FreshtieContainer.swift */; };
		CAFEBABECAFEBABE0000004A /* PersonRepository.swift in Sources */ = {isa = PBXBuildFile; fileRef = CAFEBABECAFEBABE00000044 /* PersonRepository.swift */; };
		CAFEBABECAFEBABE0000004B /* SeedData.swift in Sources */ = {isa = PBXBuildFile; fileRef = CAFEBABECAFEBABE00000045 /* SeedData.swift */; };
		CAFEBABECAFEBABE0000004C /* AddPersonSheet.swift in Sources */ = {isa = PBXBuildFile; fileRef = CAFEBABECAFEBABE00000046 /* AddPersonSheet.swift */; };
		CAFEBABECAFEBABE0000004D /* CapturePersonPickerView.swift in Sources */ = {isa = PBXBuildFile; fileRef = CAFEBABECAFEBABE00000047 /* CapturePersonPickerView.swift */; };
		CAFEBABECAFEBABE00000053 /* ContactPickerRepresentable.swift in Sources */ = {isa = PBXBuildFile; fileRef = CAFEBABECAFEBABE0000004F /* ContactPickerRepresentable.swift */; };
		CAFEBABECAFEBABE00000054 /* ContactPermissionService.swift in Sources */ = {isa = PBXBuildFile; fileRef = CAFEBABECAFEBABE00000050 /* ContactPermissionService.swift */; };
		CAFEBABECAFEBABE00000055 /* ContactMapper.swift in Sources */ = {isa = PBXBuildFile; fileRef = CAFEBABECAFEBABE00000051 /* ContactMapper.swift */; };
		CAFEBABECAFEBABE00000056 /* ContactDeniedView.swift in Sources */ = {isa = PBXBuildFile; fileRef = CAFEBABECAFEBABE00000052 /* ContactDeniedView.swift */; };
		CAFEBABECAFEBABE0000005E /* PromptTypes.swift in Sources */ = {isa = PBXBuildFile; fileRef = CAFEBABECAFEBABE00000058 /* PromptTypes.swift */; };
		CAFEBABECAFEBABE0000005F /* KeywordExtractor.swift in Sources */ = {isa = PBXBuildFile; fileRef = CAFEBABECAFEBABE00000059 /* KeywordExtractor.swift */; };
		CAFEBABECAFEBABE00000060 /* PromptCategorizer.swift in Sources */ = {isa = PBXBuildFile; fileRef = CAFEBABECAFEBABE0000005A /* PromptCategorizer.swift */; };
		CAFEBABECAFEBABE00000061 /* TemporalLogic.swift in Sources */ = {isa = PBXBuildFile; fileRef = CAFEBABECAFEBABE0000005B /* TemporalLogic.swift */; };
		CAFEBABECAFEBABE00000062 /* PromptTemplateLibrary.swift in Sources */ = {isa = PBXBuildFile; fileRef = CAFEBABECAFEBABE0000005C /* PromptTemplateLibrary.swift */; };
		CAFEBABECAFEBABE00000063 /* PromptEngine.swift in Sources */ = {isa = PBXBuildFile; fileRef = CAFEBABECAFEBABE0000005D /* PromptEngine.swift */; };
		CAFEBABECAFEBABE00000066 /* PromptEngineTests.swift in Sources */ = {isa = PBXBuildFile; fileRef = CAFEBABECAFEBABE00000065 /* PromptEngineTests.swift */; };
		CAFEBABECAFEBABE00000071 /* HomeEmptyState.swift in Sources */ = {isa = PBXBuildFile; fileRef = CAFEBABECAFEBABE00000070 /* HomeEmptyState.swift */; };
		CAFEBABECAFEBABE00000077 /* PersonHeader.swift in Sources */ = {isa = PBXBuildFile; fileRef = CAFEBABECAFEBABE00000072 /* PersonHeader.swift */; };
		CAFEBABECAFEBABE00000078 /* LastContextBlock.swift in Sources */ = {isa = PBXBuildFile; fileRef = CAFEBABECAFEBABE00000073 /* LastContextBlock.swift */; };
		CAFEBABECAFEBABE00000079 /* PromptSection.swift in Sources */ = {isa = PBXBuildFile; fileRef = CAFEBABECAFEBABE00000074 /* PromptSection.swift */; };
		CAFEBABECAFEBABE0000007A /* PromptRefreshButton.swift in Sources */ = {isa = PBXBuildFile; fileRef = CAFEBABECAFEBABE00000075 /* PromptRefreshButton.swift */; };
		CAFEBABECAFEBABE0000007B /* CaptureCTA.swift in Sources */ = {isa = PBXBuildFile; fileRef = CAFEBABECAFEBABE00000076 /* CaptureCTA.swift */; };
		CAFEBABECAFEBABE00000083 /* SpeechService.swift in Sources */ = {isa = PBXBuildFile; fileRef = CAFEBABECAFEBABE0000007D /* SpeechService.swift */; };
		CAFEBABECAFEBABE00000084 /* CaptureViewModel.swift in Sources */ = {isa = PBXBuildFile; fileRef = CAFEBABECAFEBABE0000007E /* CaptureViewModel.swift */; };
		CAFEBABECAFEBABE00000085 /* MicrophoneButton.swift in Sources */ = {isa = PBXBuildFile; fileRef = CAFEBABECAFEBABE00000080 /* MicrophoneButton.swift */; };
		CAFEBABECAFEBABE00000086 /* ListeningIndicator.swift in Sources */ = {isa = PBXBuildFile; fileRef = CAFEBABECAFEBABE00000081 /* ListeningIndicator.swift */; };
		CAFEBABECAFEBABE00000087 /* TextInputField.swift in Sources */ = {isa = PBXBuildFile; fileRef = CAFEBABECAFEBABE00000082 /* TextInputField.swift */; };
		CAFEBABECAFEBABE000000A1 /* ShareExtensionStore.swift in Sources */ = {isa = PBXBuildFile; fileRef = CAFEBABECAFEBABE000000A0 /* ShareExtensionStore.swift */; };
		CAFEBABECAFEBABE000000A3 /* SharedContactExtractor.swift in Sources */ = {isa = PBXBuildFile; fileRef = CAFEBABECAFEBABE000000A2 /* SharedContactExtractor.swift */; };
		CAFEBABECAFEBABE000000A5 /* ShareExtensionRootView.swift in Sources */ = {isa = PBXBuildFile; fileRef = CAFEBABECAFEBABE000000A4 /* ShareExtensionRootView.swift */; };
		CAFEBABECAFEBABE000000A7 /* ShareViewController.swift in Sources */ = {isa = PBXBuildFile; fileRef = CAFEBABECAFEBABE000000A6 /* ShareViewController.swift */; };
		CAFEBABECAFEBABE000000B1 /* ContactDetectionService.swift in Sources */ = {isa = PBXBuildFile; fileRef = CAFEBABECAFEBABE000000B0 /* ContactDetectionService.swift */; };
		CAFEBABECAFEBABE000000B3 /* ContactSnapshotStore.swift in Sources */ = {isa = PBXBuildFile; fileRef = CAFEBABECAFEBABE000000B2 /* ContactSnapshotStore.swift */; };
		CAFEBABECAFEBABE000000B5 /* TriggerTimingModel.swift in Sources */ = {isa = PBXBuildFile; fileRef = CAFEBABECAFEBABE000000B4 /* TriggerTimingModel.swift */; };
		CAFEBABECAFEBABE000000C0 /* AnalyticsService.swift in Sources */ = {isa = PBXBuildFile; fileRef = CAFEBABECAFEBABE000000B7 /* AnalyticsService.swift */; };
		CAFEBABECAFEBABE000000C1 /* AnalyticsEvent.swift in Sources */ = {isa = PBXBuildFile; fileRef = CAFEBABECAFEBABE000000B8 /* AnalyticsEvent.swift */; };
		CAFEBABECAFEBABE000000C2 /* AnalyticsConstants.swift in Sources */ = {isa = PBXBuildFile; fileRef = CAFEBABECAFEBABE000000B9 /* AnalyticsConstants.swift */; };
		CAFEBABECAFEBABE000000C3 /* AnalyticsEventStore.swift in Sources */ = {isa = PBXBuildFile; fileRef = CAFEBABECAFEBABE000000BA /* AnalyticsEventStore.swift */; };
		CAFEBABECAFEBABE000000C4 /* PermissionState.swift in Sources */ = {isa = PBXBuildFile; fileRef = CAFEBABECAFEBABE000000BB /* PermissionState.swift */; };
		CAFEBABECAFEBABE000000C5 /* MicrophonePermissionService.swift in Sources */ = {isa = PBXBuildFile; fileRef = CAFEBABECAFEBABE000000BC /* MicrophonePermissionService.swift */; };
		CAFEBABECAFEBABE000000C6 /* SpeechPermissionService.swift in Sources */ = {isa = PBXBuildFile; fileRef = CAFEBABECAFEBABE000000BD /* SpeechPermissionService.swift */; };
		CAFEBABECAFEBABE000000C7 /* ContactTriggerEvaluator.swift in Sources */ = {isa = PBXBuildFile; fileRef = CAFEBABECAFEBABE000000BE /* ContactTriggerEvaluator.swift */; };
		CAFEBABECAFEBABE000000C8 /* ValidationSupport.swift in Sources */ = {isa = PBXBuildFile; fileRef = CAFEBABECAFEBABE000000BF /* ValidationSupport.swift */; };
		CAFEBABECAFEBABE000000CE /* PermissionStatusRow.swift in Sources */ = {isa = PBXBuildFile; fileRef = CAFEBABECAFEBABE000000CD /* PermissionStatusRow.swift */; };
		CAFEBABECAFEBABE000000D0 /* OpenSettingsButton.swift in Sources */ = {isa = PBXBuildFile; fileRef = CAFEBABECAFEBABE000000CF /* OpenSettingsButton.swift */; };
		CAFEBABECAFE1005 /* ShareViewController.swift in Sources (FreshtieShare) */ = {isa = PBXBuildFile; fileRef = CAFEBABECAFEBABE000000A6 /* ShareViewController.swift */; };
		CAFEBABECAFE1006 /* ShareExtensionRootView.swift in Sources (FreshtieShare) */ = {isa = PBXBuildFile; fileRef = CAFEBABECAFEBABE000000A4 /* ShareExtensionRootView.swift */; };
		CAFEBABECAFE1007 /* ShareExtensionStore.swift in Sources (FreshtieShare) */ = {isa = PBXBuildFile; fileRef = CAFEBABECAFEBABE000000A0 /* ShareExtensionStore.swift */; };
		CAFEBABECAFE1008 /* SharedContactExtractor.swift in Sources (FreshtieShare) */ = {isa = PBXBuildFile; fileRef = CAFEBABECAFEBABE000000A2 /* SharedContactExtractor.swift */; };
		CAFEBABECAFE1009 /* AppColors.swift in Sources (FreshtieShare) */ = {isa = PBXBuildFile; fileRef = CAFEBABECAFEBABE0000000F /* AppColors.swift */; };
		CAFEBABECAFE100A /* AppSpacing.swift in Sources (FreshtieShare) */ = {isa = PBXBuildFile; fileRef = CAFEBABECAFEBABE00000011 /* AppSpacing.swift */; };
		CAFEBABECAFE100B /* AppTypography.swift in Sources (FreshtieShare) */ = {isa = PBXBuildFile; fileRef = CAFEBABECAFEBABE00000010 /* AppTypography.swift */; };
		CAFEBABECAFE100C /* FreshtieShare.appex in Embed App Extensions */ = {isa = PBXBuildFile; fileRef = CAFEBABECAFE1001 /* FreshtieShare.appex */; settings = {ATTRIBUTES = (RemoveHeadersOnCopy, ); }; };
/* End PBXBuildFile section */

/* Begin PBXFileReference section */
		CAFEBABECAFEBABE0000001F /* Freshtie.app */ = {isa = PBXFileReference; explicitFileType = wrapper.application; includeInIndex = 0; path = Freshtie.app; sourceTree = BUILT_PRODUCTS_DIR; };
		CAFEBABECAFEBABE0000000D /* FreshtieApp.swift */ = {isa = PBXFileReference; lastKnownFileType = sourcecode.swift; path = FreshtieApp.swift; sourceTree = "<group>"; };
		CAFEBABECAFEBABE0000000E /* RootView.swift */ = {isa = PBXFileReference; lastKnownFileType = sourcecode.swift; path = RootView.swift; sourceTree = "<group>"; };
		CAFEBABECAFEBABE0000000F /* AppColors.swift */ = {isa = PBXFileReference; lastKnownFileType = sourcecode.swift; path = AppColors.swift; sourceTree = "<group>"; };
		CAFEBABECAFEBABE00000010 /* AppTypography.swift */ = {isa = PBXFileReference; lastKnownFileType = sourcecode.swift; path = AppTypography.swift; sourceTree = "<group>"; };
		CAFEBABECAFEBABE00000011 /* AppSpacing.swift */ = {isa = PBXFileReference; lastKnownFileType = sourcecode.swift; path = AppSpacing.swift; sourceTree = "<group>"; };
		CAFEBABECAFEBABE00000012 /* AvatarView.swift */ = {isa = PBXFileReference; lastKnownFileType = sourcecode.swift; path = AvatarView.swift; sourceTree = "<group>"; };
		CAFEBABECAFEBABE00000013 /* PersonRow.swift */ = {isa = PBXFileReference; lastKnownFileType = sourcecode.swift; path = PersonRow.swift; sourceTree = "<group>"; };
		CAFEBABECAFEBABE00000014 /* PromptChip.swift */ = {isa = PBXFileReference; lastKnownFileType = sourcecode.swift; path = PromptChip.swift; sourceTree = "<group>"; };
		CAFEBABECAFEBABE00000015 /* SectionHeader.swift */ = {isa = PBXFileReference; lastKnownFileType = sourcecode.swift; path = SectionHeader.swift; sourceTree = "<group>"; };
		CAFEBABECAFEBABE00000016 /* SearchSelectRow.swift */ = {isa = PBXFileReference; lastKnownFileType = sourcecode.swift; path = SearchSelectRow.swift; sourceTree = "<group>"; };
		CAFEBABECAFEBABE00000017 /* HomeView.swift */ = {isa = PBXFileReference; lastKnownFileType = sourcecode.swift; path = HomeView.swift; sourceTree = "<group>"; };
		CAFEBABECAFEBABE00000018 /* PersonView.swift */ = {isa = PBXFileReference; lastKnownFileType = sourcecode.swift; path = PersonView.swift; sourceTree = "<group>"; };
		CAFEBABECAFEBABE00000019 /* CaptureView.swift */ = {isa = PBXFileReference; lastKnownFileType = sourcecode.swift; path = CaptureView.swift; sourceTree = "<group>"; };
		CAFEBABECAFEBABE0000001A /* SettingsView.swift */ = {isa = PBXFileReference; lastKnownFileType = sourcecode.swift; path = SettingsView.swift; sourceTree = "<group>"; };
		CAFEBABECAFEBABE0000001B /* Person.swift */ = {isa = PBXFileReference; lastKnownFileType = sourcecode.swift; path = Person.swift; sourceTree = "<group>"; };
		CAFEBABECAFEBABE0000001C /* Prompt.swift */ = {isa = PBXFileReference; lastKnownFileType = sourcecode.swift; path = Prompt.swift; sourceTree = "<group>"; };
		CAFEBABECAFEBABE0000001D /* PreviewData.swift */ = {isa = PBXFileReference; lastKnownFileType = sourcecode.swift; path = PreviewData.swift; sourceTree = "<group>"; };
		CAFEBABECAFEBABE0000001E /* Assets.xcassets */ = {isa = PBXFileReference; lastKnownFileType = folder.assetcatalog; path = Assets.xcassets; sourceTree = "<group>"; };
		CAFEBABECAFEBABE00000042 /* Note.swift */ = {isa = PBXFileReference; lastKnownFileType = sourcecode.swift; path = Note.swift; sourceTree = "<group>"; };
		CAFEBABECAFEBABE00000043 /* FreshtieContainer.swift */ = {isa = PBXFileReference; lastKnownFileType = sourcecode.swift; path = FreshtieContainer.swift; sourceTree = "<group>"; };
		CAFEBABECAFEBABE00000044 /* PersonRepository.swift */ = {isa = PBXFileReference; lastKnownFileType = sourcecode.swift; path = PersonRepository.swift; sourceTree = "<group>"; };
		CAFEBABECAFEBABE00000045 /* SeedData.swift */ = {isa = PBXFileReference; lastKnownFileType = sourcecode.swift; path = SeedData.swift; sourceTree = "<group>"; };
		CAFEBABECAFEBABE00000046 /* AddPersonSheet.swift */ = {isa = PBXFileReference; lastKnownFileType = sourcecode.swift; path = AddPersonSheet.swift; sourceTree = "<group>"; };
		CAFEBABECAFEBABE00000047 /* CapturePersonPickerView.swift */ = {isa = PBXFileReference; lastKnownFileType = sourcecode.swift; path = CapturePersonPickerView.swift; sourceTree = "<group>"; };
		CAFEBABECAFEBABE0000004F /* ContactPickerRepresentable.swift */ = {isa = PBXFileReference; lastKnownFileType = sourcecode.swift; path = ContactPickerRepresentable.swift; sourceTree = "<group>"; };
		CAFEBABECAFEBABE00000050 /* ContactPermissionService.swift */ = {isa = PBXFileReference; lastKnownFileType = sourcecode.swift; path = ContactPermissionService.swift; sourceTree = "<group>"; };
		CAFEBABECAFEBABE00000051 /* ContactMapper.swift */ = {isa = PBXFileReference; lastKnownFileType = sourcecode.swift; path = ContactMapper.swift; sourceTree = "<group>"; };
		CAFEBABECAFEBABE00000052 /* ContactDeniedView.swift */ = {isa = PBXFileReference; lastKnownFileType = sourcecode.swift; path = ContactDeniedView.swift; sourceTree = "<group>"; };
		CAFEBABECAFEBABE00000058 /* PromptTypes.swift */ = {isa = PBXFileReference; lastKnownFileType = sourcecode.swift; path = PromptTypes.swift; sourceTree = "<group>"; };
		CAFEBABECAFEBABE00000059 /* KeywordExtractor.swift */ = {isa = PBXFileReference; lastKnownFileType = sourcecode.swift; path = KeywordExtractor.swift; sourceTree = "<group>"; };
		CAFEBABECAFEBABE0000005A /* PromptCategorizer.swift */ = {isa = PBXFileReference; lastKnownFileType = sourcecode.swift; path = PromptCategorizer.swift; sourceTree = "<group>"; };
		CAFEBABECAFEBABE0000005B /* TemporalLogic.swift */ = {isa = PBXFileReference; lastKnownFileType = sourcecode.swift; path = TemporalLogic.swift; sourceTree = "<group>"; };
		CAFEBABECAFEBABE0000005C /* PromptTemplateLibrary.swift */ = {isa = PBXFileReference; lastKnownFileType = sourcecode.swift; path = PromptTemplateLibrary.swift; sourceTree = "<group>"; };
		CAFEBABECAFEBABE0000005D /* PromptEngine.swift */ = {isa = PBXFileReference; lastKnownFileType = sourcecode.swift; path = PromptEngine.swift; sourceTree = "<group>"; };
		CAFEBABECAFEBABE00000065 /* PromptEngineTests.swift */ = {isa = PBXFileReference; lastKnownFileType = sourcecode.swift; path = PromptEngineTests.swift; sourceTree = "<group>"; };
		CAFEBABECAFEBABE0000006F /* FreshtieTests.xctest */ = {isa = PBXFileReference; explicitFileType = wrapper.cfbundle; includeInIndex = 0; path = FreshtieTests.xctest; sourceTree = BUILT_PRODUCTS_DIR; };
		CAFEBABECAFEBABE00000070 /* HomeEmptyState.swift */ = {isa = PBXFileReference; lastKnownFileType = sourcecode.swift; path = HomeEmptyState.swift; sourceTree = "<group>"; };
		CAFEBABECAFEBABE00000072 /* PersonHeader.swift */ = {isa = PBXFileReference; lastKnownFileType = sourcecode.swift; path = PersonHeader.swift; sourceTree = "<group>"; };
		CAFEBABECAFEBABE00000073 /* LastContextBlock.swift */ = {isa = PBXFileReference; lastKnownFileType = sourcecode.swift; path = LastContextBlock.swift; sourceTree = "<group>"; };
		CAFEBABECAFEBABE00000074 /* PromptSection.swift */ = {isa = PBXFileReference; lastKnownFileType = sourcecode.swift; path = PromptSection.swift; sourceTree = "<group>"; };
		CAFEBABECAFEBABE00000075 /* PromptRefreshButton.swift */ = {isa = PBXFileReference; lastKnownFileType = sourcecode.swift; path = PromptRefreshButton.swift; sourceTree = "<group>"; };
		CAFEBABECAFEBABE00000076 /* CaptureCTA.swift */ = {isa = PBXFileReference; lastKnownFileType = sourcecode.swift; path = CaptureCTA.swift; sourceTree = "<group>"; };
		CAFEBABECAFEBABE0000007D /* SpeechService.swift */ = {isa = PBXFileReference; lastKnownFileType = sourcecode.swift; path = SpeechService.swift; sourceTree = "<group>"; };
		CAFEBABECAFEBABE0000007E /* CaptureViewModel.swift */ = {isa = PBXFileReference; lastKnownFileType = sourcecode.swift; path = CaptureViewModel.swift; sourceTree = "<group>"; };
		CAFEBABECAFEBABE00000080 /* MicrophoneButton.swift */ = {isa = PBXFileReference; lastKnownFileType = sourcecode.swift; path = MicrophoneButton.swift; sourceTree = "<group>"; };
		CAFEBABECAFEBABE00000081 /* ListeningIndicator.swift */ = {isa = PBXFileReference; lastKnownFileType = sourcecode.swift; path = ListeningIndicator.swift; sourceTree = "<group>"; };
		CAFEBABECAFEBABE00000082 /* TextInputField.swift */ = {isa = PBXFileReference; lastKnownFileType = sourcecode.swift; path = TextInputField.swift; sourceTree = "<group>"; };
		CAFEBABECAFEBABE000000A0 /* ShareExtensionStore.swift */ = {isa = PBXFileReference; lastKnownFileType = sourcecode.swift; path = ShareExtensionStore.swift; sourceTree = "<group>"; }; 
		CAFEBABECAFEBABE000000A2 /* SharedContactExtractor.swift */ = {isa = PBXFileReference; lastKnownFileType = sourcecode.swift; path = SharedContactExtractor.swift; sourceTree = "<group>"; }; 
		CAFEBABECAFEBABE000000A4 /* ShareExtensionRootView.swift */ = {isa = PBXFileReference; lastKnownFileType = sourcecode.swift; path = ShareExtensionRootView.swift; sourceTree = "<group>"; }; 
		CAFEBABECAFEBABE000000A6 /* ShareViewController.swift */ = {isa = PBXFileReference; lastKnownFileType = sourcecode.swift; path = ShareViewController.swift; sourceTree = "<group>"; };
		CAFEBABECAFEBABE000000B0 /* ContactDetectionService.swift */ = {isa = PBXFileReference; lastKnownFileType = sourcecode.swift; path = ContactDetectionService.swift; sourceTree = "<group>"; };
		CAFEBABECAFEBABE000000B2 /* ContactSnapshotStore.swift */ = {isa = PBXFileReference; lastKnownFileType = sourcecode.swift; path = ContactSnapshotStore.swift; sourceTree = "<group>"; };
		CAFEBABECAFEBABE000000B4 /* TriggerTimingModel.swift */ = {isa = PBXFileReference; lastKnownFileType = sourcecode.swift; path = TriggerTimingModel.swift; sourceTree = "<group>"; };
		CAFEBABECAFEBABE000000B7 /* AnalyticsService.swift */ = {isa = PBXFileReference; lastKnownFileType = sourcecode.swift; path = AnalyticsService.swift; sourceTree = "<group>"; };
		CAFEBABECAFEBABE000000B8 /* AnalyticsEvent.swift */ = {isa = PBXFileReference; lastKnownFileType = sourcecode.swift; path = AnalyticsEvent.swift; sourceTree = "<group>"; };
		CAFEBABECAFEBABE000000B9 /* AnalyticsConstants.swift */ = {isa = PBXFileReference; lastKnownFileType = sourcecode.swift; path = AnalyticsConstants.swift; sourceTree = "<group>"; };
		CAFEBABECAFEBABE000000BA /* AnalyticsEventStore.swift */ = {isa = PBXFileReference; lastKnownFileType = sourcecode.swift; path = AnalyticsEventStore.swift; sourceTree = "<group>"; };
		CAFEBABECAFEBABE000000BB /* PermissionState.swift */ = {isa = PBXFileReference; lastKnownFileType = sourcecode.swift; path = PermissionState.swift; sourceTree = "<group>"; };
		CAFEBABECAFEBABE000000BC /* MicrophonePermissionService.swift */ = {isa = PBXFileReference; lastKnownFileType = sourcecode.swift; path = MicrophonePermissionService.swift; sourceTree = "<group>"; };
		CAFEBABECAFEBABE000000BD /* SpeechPermissionService.swift */ = {isa = PBXFileReference; lastKnownFileType = sourcecode.swift; path = SpeechPermissionService.swift; sourceTree = "<group>"; };
		CAFEBABECAFEBABE000000BE /* ContactTriggerEvaluator.swift */ = {isa = PBXFileReference; lastKnownFileType = sourcecode.swift; path = ContactTriggerEvaluator.swift; sourceTree = "<group>"; };
		CAFEBABECAFEBABE000000BF /* ValidationSupport.swift */ = {isa = PBXFileReference; lastKnownFileType = sourcecode.swift; path = ValidationSupport.swift; sourceTree = "<group>"; };
		CAFEBABECAFEBABE000000CD /* PermissionStatusRow.swift */ = {isa = PBXFileReference; lastKnownFileType = sourcecode.swift; path = PermissionStatusRow.swift; sourceTree = "<group>"; };
		CAFEBABECAFEBABE000000CF /* OpenSettingsButton.swift */ = {isa = PBXFileReference; lastKnownFileType = sourcecode.swift; path = OpenSettingsButton.swift; sourceTree = "<group>"; };
		CAFEBABECAFE1001 /* FreshtieShare.appex */ = {isa = PBXFileReference; explicitFileType = "wrapper.app-extension"; includeInIndex = 0; path = FreshtieShare.appex; sourceTree = BUILT_PRODUCTS_DIR; };
		CAFEBABECAFE1002 /* FreshtieShare-Info.plist */ = {isa = PBXFileReference; lastKnownFileType = text.plist.xml; path = "FreshtieShare/Info.plist"; sourceTree = "<group>"; };
		CAFEBABECAFE1003 /* Freshtie.entitlements */ = {isa = PBXFileReference; lastKnownFileType = text.plist.entitlements; path = "Freshtie/Freshtie.entitlements"; sourceTree = "<group>"; };
		CAFEBABECAFE1004 /* FreshtieShare.entitlements */ = {isa = PBXFileReference; lastKnownFileType = text.plist.entitlements; path = "FreshtieShare/FreshtieShare.entitlements"; sourceTree = "<group>"; };
/* End PBXFileReference section */

/* Begin PBXContainerItemProxy section */
		CAFEBABECAFEBABE0000006D /* PBXContainerItemProxy */ = {
			isa = PBXContainerItemProxy;
			containerPortal = CAFEBABECAFEBABE0000003C /* Project object */;
			proxyType = 1;
			remoteGlobalIDString = CAFEBABECAFEBABE0000003B;
			remoteInfo = Freshtie;
		};
/* End PBXContainerItemProxy section */
/* Begin PBXContainerItemProxy section (FreshtieShare) */
		CAFEBABECAFE1015 /* PBXContainerItemProxy */ = {
			isa = PBXContainerItemProxy;
			containerPortal = CAFEBABECAFEBABE0000003C /* Project object */;
			proxyType = 1;
			remoteGlobalIDString = CAFEBABECAFE1014;
			remoteInfo = FreshtieShare;
		};
/* End PBXContainerItemProxy section (FreshtieShare) */
/* Begin PBXTargetDependency section (FreshtieShare) */
		CAFEBABECAFE1016 /* PBXTargetDependency */ = {
			isa = PBXTargetDependency;
			target = CAFEBABECAFE1014 /* FreshtieShare */;
			targetProxy = CAFEBABECAFE1015 /* PBXContainerItemProxy */;
		};
/* End PBXTargetDependency section (FreshtieShare) */

/* Begin PBXTargetDependency section */
		CAFEBABECAFEBABE0000006E /* PBXTargetDependency */ = {
			isa = PBXTargetDependency;
			target = CAFEBABECAFEBABE0000003B /* Freshtie */;
			targetProxy = CAFEBABECAFEBABE0000006D /* PBXContainerItemProxy */;
		};
/* End PBXTargetDependency section */

/* Begin PBXFrameworksBuildPhase section */
		CAFEBABECAFEBABE00000033 /* Frameworks */ = {
			isa = PBXFrameworksBuildPhase;
			buildActionMask = 2147483647;
			files = (
			);
			runOnlyForDeploymentPostprocessing = 0;
		};
/* End PBXFrameworksBuildPhase section */

/* Begin PBXGroup section */
		CAFEBABECAFEBABE0000003D /* root */ = {
			isa = PBXGroup;
			children = (
				CAFEBABECAFEBABE00000001 /* Freshtie */,
				CAFEBABECAFEBABE00000064 /* FreshtieTests */,
				CAFEBABECAFEBABE00000002 /* Products */,
				CAFEBABECAFE1017 /* FreshtieShare */,
			);
			sourceTree = "<group>";
		};
		CAFEBABECAFEBABE00000001 /* Freshtie */ = {
			isa = PBXGroup;
			children = (
				CAFEBABECAFEBABE00000003 /* App */,
				CAFEBABECAFEBABE0000003E /* Data */,
				CAFEBABECAFEBABE00000004 /* DesignSystem */,
				CAFEBABECAFEBABE00000006 /* Features */,
				CAFEBABECAFEBABE0000000B /* Models */,
				CAFEBABECAFEBABE0000000C /* PreviewSupport */,
				CAFEBABECAFEBABE0000001E /* Assets.xcassets */,
				CAFEBABECAFE1003 /* Freshtie.entitlements */,
			);
			path = Freshtie;
			sourceTree = "<group>";
		};
		CAFEBABECAFEBABE00000002 /* Products */ = {
			isa = PBXGroup;
			children = (
				CAFEBABECAFEBABE0000001F /* Freshtie.app */,
				CAFEBABECAFEBABE0000006F /* FreshtieTests.xctest */,
				CAFEBABECAFE1001 /* FreshtieShare.appex */,
			);
			name = Products;
			sourceTree = "<group>";
		};
		CAFEBABECAFEBABE00000003 /* App */ = {
			isa = PBXGroup;
			children = (
				CAFEBABECAFEBABE0000000D /* FreshtieApp.swift */,
				CAFEBABECAFEBABE0000000E /* RootView.swift */,
			);
			path = App;
			sourceTree = "<group>";
		};
		CAFEBABECAFEBABE00000004 /* DesignSystem */ = {
			isa = PBXGroup;
			children = (
				CAFEBABECAFEBABE0000000F /* AppColors.swift */,
				CAFEBABECAFEBABE00000010 /* AppTypography.swift */,
				CAFEBABECAFEBABE00000011 /* AppSpacing.swift */,
				CAFEBABECAFEBABE00000005 /* Components */,
			);
			path = DesignSystem;
			sourceTree = "<group>";
		};
		CAFEBABECAFEBABE00000005 /* Components */ = {
			isa = PBXGroup;
			children = (
				CAFEBABECAFEBABE00000012 /* AvatarView.swift */,
				CAFEBABECAFEBABE00000013 /* PersonRow.swift */,
				CAFEBABECAFEBABE00000014 /* PromptChip.swift */,
				CAFEBABECAFEBABE00000015 /* SectionHeader.swift */,
				CAFEBABECAFEBABE00000016 /* SearchSelectRow.swift */,
			);
			path = Components;
			sourceTree = "<group>";
		};
		CAFEBABECAFEBABE00000006 /* Features */ = {
			isa = PBXGroup;
			children = (
				CAFEBABECAFEBABE00000007 /* Home */,
				CAFEBABECAFEBABE00000008 /* Person */,
				CAFEBABECAFEBABE00000009 /* Capture */,
				CAFEBABECAFEBABE0000000A /* Settings */,
				CAFEBABECAFEBABE0000004E /* Contacts */,
				CAFEBABECAFEBABE00000057 /* PromptEngine */,
				CAFEBABECAFEBABE000000A8 /* ShareExtension */,
				CAFEBABECAFEBABE000000B6 /* ContactDetection */,
				CAFEBABECAFEBABE000000C9 /* Analytics */,
				CAFEBABECAFEBABE000000CA /* Permissions */,
				CAFEBABECAFEBABE000000CB /* Validation */,
			);
			path = Features;
			sourceTree = "<group>";
		};
		CAFEBABECAFEBABE000000B6 /* ContactDetection */ = {
			isa = PBXGroup;
			children = (
				CAFEBABECAFEBABE000000B0 /* ContactDetectionService.swift */,
				CAFEBABECAFEBABE000000B2 /* ContactSnapshotStore.swift */,
				CAFEBABECAFEBABE000000BE /* ContactTriggerEvaluator.swift */,
				CAFEBABECAFEBABE000000B4 /* TriggerTimingModel.swift */,
			);
			path = ContactDetection;
			sourceTree = "<group>";
		};
		CAFEBABECAFEBABE000000A8 /* ShareExtension */ = {
			isa = PBXGroup;
			children = (
				CAFEBABECAFEBABE000000A0 /* ShareExtensionStore.swift */,
				CAFEBABECAFEBABE000000A2 /* SharedContactExtractor.swift */,
				CAFEBABECAFEBABE000000A4 /* ShareExtensionRootView.swift */,
				CAFEBABECAFEBABE000000A6 /* ShareViewController.swift */,
			);
			path = ShareExtension;
			sourceTree = "<group>";
		};
		CAFEBABECAFEBABE00000007 /* Home */ = {
			isa = PBXGroup;
			children = (
				CAFEBABECAFEBABE00000017 /* HomeView.swift */,
				CAFEBABECAFEBABE00000046 /* AddPersonSheet.swift */,
				CAFEBABECAFEBABE00000070 /* HomeEmptyState.swift */,
			);
			path = Home;
			sourceTree = "<group>";
		};
		CAFEBABECAFEBABE00000008 /* Person */ = {
			isa = PBXGroup;
			children = (
				CAFEBABECAFEBABE00000018 /* PersonView.swift */,
				CAFEBABECAFEBABE0000007C /* Components */,
			);
			path = Person;
			sourceTree = "<group>";
		};
		CAFEBABECAFEBABE0000007C /* Components */ = {
			isa = PBXGroup;
			children = (
				CAFEBABECAFEBABE00000072 /* PersonHeader.swift */,
				CAFEBABECAFEBABE00000073 /* LastContextBlock.swift */,
				CAFEBABECAFEBABE00000074 /* PromptSection.swift */,
				CAFEBABECAFEBABE00000075 /* PromptRefreshButton.swift */,
				CAFEBABECAFEBABE00000076 /* CaptureCTA.swift */,
			);
			path = Components;
			sourceTree = "<group>";
		};
		CAFEBABECAFEBABE00000009 /* Capture */ = {
			isa = PBXGroup;
			children = (
				CAFEBABECAFEBABE00000019 /* CaptureView.swift */,
				CAFEBABECAFEBABE00000047 /* CapturePersonPickerView.swift */,
				CAFEBABECAFEBABE0000007D /* SpeechService.swift */,
				CAFEBABECAFEBABE0000007E /* CaptureViewModel.swift */,
				CAFEBABECAFEBABE000000CC /* Components */,
			);
			path = Capture;
			sourceTree = "<group>";
		};
		CAFEBABECAFEBABE0000000A /* Settings */ = {
			isa = PBXGroup;
			children = (
				CAFEBABECAFEBABE0000001A /* SettingsView.swift */,
				CAFEBABECAFEBABE000000CD /* PermissionStatusRow.swift */,
				CAFEBABECAFEBABE000000CF /* OpenSettingsButton.swift */,
			);
			path = Settings;
			sourceTree = "<group>";
		};
		CAFEBABECAFEBABE0000000B /* Models */ = {
			isa = PBXGroup;
			children = (
				CAFEBABECAFEBABE0000001B /* Person.swift */,
				CAFEBABECAFEBABE00000042 /* Note.swift */,
				CAFEBABECAFEBABE0000001C /* Prompt.swift */,
			);
			path = Models;
			sourceTree = "<group>";
		};
		CAFEBABECAFEBABE0000000C /* PreviewSupport */ = {
			isa = PBXGroup;
			children = (
				CAFEBABECAFEBABE0000001D /* PreviewData.swift */,
			);
			path = PreviewSupport;
			sourceTree = "<group>";
		};
		CAFEBABECAFEBABE0000004E /* Contacts */ = {
			isa = PBXGroup;
			children = (
				CAFEBABECAFEBABE0000004F /* ContactPickerRepresentable.swift */,
				CAFEBABECAFEBABE00000050 /* ContactPermissionService.swift */,
				CAFEBABECAFEBABE00000051 /* ContactMapper.swift */,
				CAFEBABECAFEBABE00000052 /* ContactDeniedView.swift */,
			);
			path = Contacts;
			sourceTree = "<group>";
		};
		CAFEBABECAFEBABE00000057 /* PromptEngine */ = {
			isa = PBXGroup;
			children = (
				CAFEBABECAFEBABE00000058 /* PromptTypes.swift */,
				CAFEBABECAFEBABE00000059 /* KeywordExtractor.swift */,
				CAFEBABECAFEBABE0000005A /* PromptCategorizer.swift */,
				CAFEBABECAFEBABE0000005B /* TemporalLogic.swift */,
				CAFEBABECAFEBABE0000005C /* PromptTemplateLibrary.swift */,
				CAFEBABECAFEBABE0000005D /* PromptEngine.swift */,
			);
			path = PromptEngine;
			sourceTree = "<group>";
		};
		CAFEBABECAFEBABE00000064 /* FreshtieTests */ = {
			isa = PBXGroup;
			children = (
				CAFEBABECAFEBABE00000065 /* PromptEngineTests.swift */,
			);
			path = FreshtieTests;
			sourceTree = "<group>";
		};
		CAFEBABECAFEBABE0000003E /* Data */ = {
			isa = PBXGroup;
			children = (
				CAFEBABECAFEBABE0000003F /* Persistence */,
				CAFEBABECAFEBABE00000040 /* Repositories */,
				CAFEBABECAFEBABE00000041 /* Seed */,
			);
			path = Data;
			sourceTree = "<group>";
		};
		CAFEBABECAFEBABE0000003F /* Persistence */ = {
			isa = PBXGroup;
			children = (
				CAFEBABECAFEBABE00000043 /* FreshtieContainer.swift */,
			);
			path = Persistence;
			sourceTree = "<group>";
		};
		CAFEBABECAFEBABE00000040 /* Repositories */ = {
			isa = PBXGroup;
			children = (
				CAFEBABECAFEBABE00000044 /* PersonRepository.swift */,
			);
			path = Repositories;
			sourceTree = "<group>";
		};
		CAFEBABECAFEBABE00000041 /* Seed */ = {
			isa = PBXGroup;
			children = (
				CAFEBABECAFEBABE00000045 /* SeedData.swift */,
			);
			path = Seed;
			sourceTree = "<group>";
		};
		CAFEBABECAFEBABE000000CC /* Components */ = {
			isa = PBXGroup;
			children = (
				CAFEBABECAFEBABE00000080 /* MicrophoneButton.swift */,
				CAFEBABECAFEBABE00000081 /* ListeningIndicator.swift */,
				CAFEBABECAFEBABE00000082 /* TextInputField.swift */,
			);
			path = Components;
			sourceTree = "<group>";
		};
		CAFEBABECAFEBABE000000C9 /* Analytics */ = {
			isa = PBXGroup;
			children = (
				CAFEBABECAFEBABE000000B7 /* AnalyticsService.swift */,
				CAFEBABECAFEBABE000000B8 /* AnalyticsEvent.swift */,
				CAFEBABECAFEBABE000000B9 /* AnalyticsConstants.swift */,
				CAFEBABECAFEBABE000000BA /* AnalyticsEventStore.swift */,
			);
			path = Analytics;
			sourceTree = "<group>";
		};
		CAFEBABECAFEBABE000000CA /* Permissions */ = {
			isa = PBXGroup;
			children = (
				CAFEBABECAFEBABE000000BB /* PermissionState.swift */,
				CAFEBABECAFEBABE000000BC /* MicrophonePermissionService.swift */,
				CAFEBABECAFEBABE000000BD /* SpeechPermissionService.swift */,
			);
			path = Permissions;
			sourceTree = "<group>";
		};
		CAFEBABECAFEBABE000000CB /* Validation */ = {
			isa = PBXGroup;
			children = (
				CAFEBABECAFEBABE000000BF /* ValidationSupport.swift */,
			);
			path = Validation;
			sourceTree = "<group>";
		};
		CAFEBABECAFE1017 /* FreshtieShare */ = {
			isa = PBXGroup;
			children = (
				CAFEBABECAFE1002 /* Info.plist */,
				CAFEBABECAFE1004 /* FreshtieShare.entitlements */,
			);
			path = FreshtieShare;
			sourceTree = "<group>";
		};
/* End PBXGroup section */

/* Begin PBXNativeTarget section */
		CAFEBABECAFEBABE0000003B /* Freshtie */ = {
			isa = PBXNativeTarget;
			buildConfigurationList = CAFEBABECAFEBABE0000003A /* Build configuration list for PBXNativeTarget "Freshtie" */;
			buildPhases = (
				CAFEBABECAFEBABE00000032 /* Sources */,
				CAFEBABECAFEBABE00000033 /* Frameworks */,
				CAFEBABECAFEBABE00000034 /* Resources */,
				CAFEBABECAFE1010 /* Embed App Extensions */,
			);
			buildRules = (
			);
			dependencies = (
				CAFEBABECAFE1016 /* PBXTargetDependency */,
			);
			name = Freshtie;
			productName = Freshtie;
			productReference = CAFEBABECAFEBABE0000001F /* Freshtie.app */;
			productType = "com.apple.product-type.application";
		};
		CAFEBABECAFEBABE00000069 /* FreshtieTests */ = {
			isa = PBXNativeTarget;
			buildConfigurationList = CAFEBABECAFEBABE0000006C /* Build configuration list for PBXNativeTarget "FreshtieTests" */;
			buildPhases = (
				CAFEBABECAFEBABE00000067 /* Sources */,
				CAFEBABECAFEBABE00000068 /* Frameworks */,
			);
			buildRules = (
			);
			dependencies = (
				CAFEBABECAFEBABE0000006E /* PBXTargetDependency */,
			);
			name = FreshtieTests;
			productName = FreshtieTests;
			productReference = CAFEBABECAFEBABE0000006F /* FreshtieTests.xctest */;
			productType = "com.apple.product-type.bundle.unit-test";
		};

		CAFEBABECAFE1014 /* FreshtieShare */ = {
			isa = PBXNativeTarget;
			buildConfigurationList = CAFEBABECAFE1013 /* Build configuration list for PBXNativeTarget "FreshtieShare" */;
			buildPhases = (
				CAFEBABECAFE100D /* Sources */,
				CAFEBABECAFE100E /* Frameworks */,
				CAFEBABECAFE100F /* Resources */,
			);
			buildRules = (
			);
			dependencies = (
			);
			name = FreshtieShare;
			productName = FreshtieShare;
			productReference = CAFEBABECAFE1001 /* FreshtieShare.appex */;
			productType = "com.apple.product-type.app-extension";
		};

/* End PBXNativeTarget section */

/* Begin PBXProject section */
		CAFEBABECAFEBABE0000003C /* Project object */ = {
			isa = PBXProject;
			attributes = {
				BuildIndependentTargetsInParallel = 1;
				LastSwiftUpdateCheck = 1500;
				LastUpgradeCheck = 1500;
				TargetAttributes = {
					CAFEBABECAFEBABE0000003B = {
						CreatedOnToolsVersion = 15.0;
					};
					CAFEBABECAFEBABE00000069 = {
						CreatedOnToolsVersion = 15.0;
						TestTargetID = CAFEBABECAFEBABE0000003B;
					};
					CAFEBABECAFE1014 = {
						CreatedOnToolsVersion = 15.0;
					};
				};
			};
			buildConfigurationList = CAFEBABECAFEBABE00000039 /* Build configuration list for PBXProject "Freshtie" */;
			compatibilityVersion = "Xcode 14.0";
			developmentRegion = en;
			hasScannedForEncodings = 0;
			knownRegions = (
				en,
				Base,
			);
			mainGroup = CAFEBABECAFEBABE0000003D;
			productRefGroup = CAFEBABECAFEBABE00000002 /* Products */;
			projectDirPath = "";
			projectRoot = "";
			targets = (
				CAFEBABECAFEBABE0000003B /* Freshtie */,
				CAFEBABECAFEBABE00000069 /* FreshtieTests */,
				CAFEBABECAFE1014 /* FreshtieShare */,
			);
		};
/* End PBXProject section */

/* Begin PBXResourcesBuildPhase section */
		CAFEBABECAFEBABE00000034 /* Resources */ = {
			isa = PBXResourcesBuildPhase;
			buildActionMask = 2147483647;
			files = (
				CAFEBABECAFEBABE00000031 /* Assets.xcassets in Resources */,
			);
			runOnlyForDeploymentPostprocessing = 0;
		};
/* End PBXResourcesBuildPhase section */

/* Begin PBXSourcesBuildPhase section */
		CAFEBABECAFEBABE00000032 /* Sources */ = {
			isa = PBXSourcesBuildPhase;
			buildActionMask = 2147483647;
			files = (
				CAFEBABECAFEBABE00000020 /* FreshtieApp.swift in Sources */,
				CAFEBABECAFEBABE00000021 /* RootView.swift in Sources */,
				CAFEBABECAFEBABE00000022 /* AppColors.swift in Sources */,
				CAFEBABECAFEBABE00000023 /* AppTypography.swift in Sources */,
				CAFEBABECAFEBABE00000024 /* AppSpacing.swift in Sources */,
				CAFEBABECAFEBABE00000025 /* AvatarView.swift in Sources */,
				CAFEBABECAFEBABE00000026 /* PersonRow.swift in Sources */,
				CAFEBABECAFEBABE00000027 /* PromptChip.swift in Sources */,
				CAFEBABECAFEBABE00000028 /* SectionHeader.swift in Sources */,
				CAFEBABECAFEBABE00000029 /* SearchSelectRow.swift in Sources */,
				CAFEBABECAFEBABE0000002A /* HomeView.swift in Sources */,
				CAFEBABECAFEBABE0000002B /* PersonView.swift in Sources */,
				CAFEBABECAFEBABE0000002C /* CaptureView.swift in Sources */,
				CAFEBABECAFEBABE0000002D /* SettingsView.swift in Sources */,
				CAFEBABECAFEBABE0000002E /* Person.swift in Sources */,
				CAFEBABECAFEBABE0000002F /* Prompt.swift in Sources */,
				CAFEBABECAFEBABE00000030 /* PreviewData.swift in Sources */,
				CAFEBABECAFEBABE00000048 /* Note.swift in Sources */,
				CAFEBABECAFEBABE00000049 /* FreshtieContainer.swift in Sources */,
				CAFEBABECAFEBABE0000004A /* PersonRepository.swift in Sources */,
				CAFEBABECAFEBABE0000004B /* SeedData.swift in Sources */,
				CAFEBABECAFEBABE0000004C /* AddPersonSheet.swift in Sources */,
				CAFEBABECAFEBABE0000004D /* CapturePersonPickerView.swift in Sources */,
				CAFEBABECAFEBABE00000053 /* ContactPickerRepresentable.swift in Sources */,
				CAFEBABECAFEBABE00000054 /* ContactPermissionService.swift in Sources */,
				CAFEBABECAFEBABE00000055 /* ContactMapper.swift in Sources */,
				CAFEBABECAFEBABE00000056 /* ContactDeniedView.swift in Sources */,
				CAFEBABECAFEBABE0000005E /* PromptTypes.swift in Sources */,
				CAFEBABECAFEBABE0000005F /* KeywordExtractor.swift in Sources */,
				CAFEBABECAFEBABE00000060 /* PromptCategorizer.swift in Sources */,
				CAFEBABECAFEBABE00000061 /* TemporalLogic.swift in Sources */,
				CAFEBABECAFEBABE00000062 /* PromptTemplateLibrary.swift in Sources */,
				CAFEBABECAFEBABE00000063 /* PromptEngine.swift in Sources */,
				CAFEBABECAFEBABE00000071 /* HomeEmptyState.swift in Sources */,
				CAFEBABECAFEBABE00000077 /* PersonHeader.swift in Sources */,
				CAFEBABECAFEBABE00000078 /* LastContextBlock.swift in Sources */,
				CAFEBABECAFEBABE00000079 /* PromptSection.swift in Sources */,
				CAFEBABECAFEBABE0000007A /* PromptRefreshButton.swift in Sources */,
				CAFEBABECAFEBABE0000007B /* CaptureCTA.swift in Sources */,
				CAFEBABECAFEBABE00000083 /* SpeechService.swift in Sources */,
				CAFEBABECAFEBABE00000084 /* CaptureViewModel.swift in Sources */,
				CAFEBABECAFEBABE00000085 /* MicrophoneButton.swift in Sources */,
				CAFEBABECAFEBABE00000086 /* ListeningIndicator.swift in Sources */,
				CAFEBABECAFEBABE00000087 /* TextInputField.swift in Sources */,
				CAFEBABECAFEBABE000000A1 /* ShareExtensionStore.swift in Sources */,
				CAFEBABECAFEBABE000000A3 /* SharedContactExtractor.swift in Sources */,
				CAFEBABECAFEBABE000000A5 /* ShareExtensionRootView.swift in Sources */,
				CAFEBABECAFEBABE000000B1 /* ContactDetectionService.swift in Sources */,
				CAFEBABECAFEBABE000000B3 /* ContactSnapshotStore.swift in Sources */,
				CAFEBABECAFEBABE000000B5 /* TriggerTimingModel.swift in Sources */,
				CAFEBABECAFEBABE000000C0 /* AnalyticsService.swift in Sources */,
				CAFEBABECAFEBABE000000C1 /* AnalyticsEvent.swift in Sources */,
				CAFEBABECAFEBABE000000C2 /* AnalyticsConstants.swift in Sources */,
				CAFEBABECAFEBABE000000C3 /* AnalyticsEventStore.swift in Sources */,
				CAFEBABECAFEBABE000000C4 /* PermissionState.swift in Sources */,
				CAFEBABECAFEBABE000000C5 /* MicrophonePermissionService.swift in Sources */,
				CAFEBABECAFEBABE000000C6 /* SpeechPermissionService.swift in Sources */,
				CAFEBABECAFEBABE000000C7 /* ContactTriggerEvaluator.swift in Sources */,
				CAFEBABECAFEBABE000000C8 /* ValidationSupport.swift in Sources */,
				CAFEBABECAFEBABE000000CE /* PermissionStatusRow.swift in Sources */,
				CAFEBABECAFEBABE000000D0 /* OpenSettingsButton.swift in Sources */,
			);
			runOnlyForDeploymentPostprocessing = 0;
		};
		CAFEBABECAFEBABE00000067 /* Sources (FreshtieTests) */ = {
			isa = PBXSourcesBuildPhase;
			buildActionMask = 2147483647;
			files = (
				CAFEBABECAFEBABE00000066 /* PromptEngineTests.swift in Sources */,
			);
			runOnlyForDeploymentPostprocessing = 0;
		};
		CAFEBABECAFEBABE00000068 /* Frameworks (FreshtieTests) */ = {
			isa = PBXFrameworksBuildPhase;
			buildActionMask = 2147483647;
			files = (
			);
			runOnlyForDeploymentPostprocessing = 0;
		};
/* End PBXSourcesBuildPhase section */
/* Begin PBXSourcesBuildPhase section (FreshtieShare) */
		CAFEBABECAFE100D /* Sources (FreshtieShare) */ = {
			isa = PBXSourcesBuildPhase;
			buildActionMask = 2147483647;
			files = (
				CAFEBABECAFE1005 /* ShareViewController.swift in Sources */,
				CAFEBABECAFE1006 /* ShareExtensionRootView.swift in Sources */,
				CAFEBABECAFE1007 /* ShareExtensionStore.swift in Sources */,
				CAFEBABECAFE1008 /* SharedContactExtractor.swift in Sources */,
				CAFEBABECAFE1009 /* AppColors.swift in Sources */,
				CAFEBABECAFE100A /* AppSpacing.swift in Sources */,
				CAFEBABECAFE100B /* AppTypography.swift in Sources */,
			);
			runOnlyForDeploymentPostprocessing = 0;
		};
/* End PBXSourcesBuildPhase section (FreshtieShare) */
/* Begin PBXFrameworksBuildPhase section (FreshtieShare) */
		CAFEBABECAFE100E /* Frameworks (FreshtieShare) */ = {
			isa = PBXFrameworksBuildPhase;
			buildActionMask = 2147483647;
			files = (
			);
			runOnlyForDeploymentPostprocessing = 0;
		};
/* End PBXFrameworksBuildPhase section (FreshtieShare) */
/* Begin PBXResourcesBuildPhase section (FreshtieShare) */
		CAFEBABECAFE100F /* Resources (FreshtieShare) */ = {
			isa = PBXResourcesBuildPhase;
			buildActionMask = 2147483647;
			files = (
			);
			runOnlyForDeploymentPostprocessing = 0;
		};
/* End PBXResourcesBuildPhase section (FreshtieShare) */
/* Begin PBXCopyFilesBuildPhase section */
		CAFEBABECAFE1010 /* Embed App Extensions */ = {
			isa = PBXCopyFilesBuildPhase;
			buildActionMask = 2147483647;
			dstPath = "";
			dstSubfolderSpec = 13;
			files = (
				CAFEBABECAFE100C /* FreshtieShare.appex in Embed App Extensions */,
			);
			name = "Embed App Extensions";
			runOnlyForDeploymentPostprocessing = 0;
		};
/* End PBXCopyFilesBuildPhase section */

/* Begin XCBuildConfiguration section */
		CAFEBABECAFEBABE00000035 /* Debug */ = {
			isa = XCBuildConfiguration;
			buildSettings = {
				ALWAYS_SEARCH_USER_PATHS = NO;
				CLANG_ANALYZER_NONNULL = YES;
				CLANG_ANALYZER_NUMBER_OBJECT_CONVERSION = YES_AGGRESSIVE;
				CLANG_CXX_LANGUAGE_STANDARD = "gnu++20";
				CLANG_ENABLE_MODULES = YES;
				CLANG_ENABLE_OBJC_ARC = YES;
				CLANG_ENABLE_OBJC_WEAK = YES;
				CLANG_WARN_BLOCK_CAPTURE_AUTORELEASING = YES;
				CLANG_WARN_BOOL_CONVERSION = YES;
				CLANG_WARN_COMMA = YES;
				CLANG_WARN_CONSTANT_CONVERSION = YES;
				CLANG_WARN_DEPRECATED_OBJC_IMPLEMENTATIONS = YES;
				CLANG_WARN_DIRECT_OBJC_ISA_USAGE = YES_ERROR;
				CLANG_WARN_DOCUMENTATION_COMMENTS = YES;
				CLANG_WARN_EMPTY_BODY = YES;
				CLANG_WARN_ENUM_CONVERSION = YES;
				CLANG_WARN_INFINITE_LOOPS = YES;
				CLANG_WARN_INT_CONVERSION = YES;
				CLANG_WARN_NON_LITERAL_NULL_CONVERSION = YES;
				CLANG_WARN_OBJC_IMPLICIT_RETAIN_CYCLES = YES;
				CLANG_WARN_OBJC_LITERAL_CONVERSION = YES;
				CLANG_WARN_OBJC_ROOT_CLASS = YES_ERROR;
				CLANG_WARN_QUOTED_INCLUDE_IN_FRAMEWORK_HEADER = YES;
				CLANG_WARN_RANGE_LOOP_ANALYSIS = YES;
				CLANG_WARN_STRICT_PROTOTYPES = YES;
				CLANG_WARN_SUSPICIOUS_MOVE = YES;
				CLANG_WARN_UNGUARDED_AVAILABILITY = YES_AGGRESSIVE;
				CLANG_WARN_UNREACHABLE_CODE = YES;
				CLANG_WARN__DUPLICATE_METHOD_MATCH = YES;
				COPY_PHASE_STRIP = NO;
				DEBUG_INFORMATION_FORMAT = dwarf;
				ENABLE_STRICT_OBJC_MSGSEND = YES;
				ENABLE_TESTABILITY = YES;
				ENABLE_USER_SCRIPT_SANDBOXING = YES;
				GCC_C_LANGUAGE_STANDARD = gnu17;
				GCC_DYNAMIC_NO_PIC = NO;
				GCC_NO_COMMON_BLOCKS = YES;
				GCC_OPTIMIZATION_LEVEL = 0;
				GCC_PREPROCESSOR_DEFINITIONS = (
					"DEBUG=1",
					"$(inherited)",
				);
				GCC_WARN_64_TO_32_BIT_CONVERSION = YES;
				GCC_WARN_ABOUT_RETURN_TYPE = YES_ERROR;
				GCC_WARN_UNDECLARED_SELECTOR = YES;
				GCC_WARN_UNINITIALIZED_AUTOS = YES_AGGRESSIVE;
				GCC_WARN_UNUSED_FUNCTION = YES;
				GCC_WARN_UNUSED_VARIABLE = YES;
				IPHONEOS_DEPLOYMENT_TARGET = 17.0;
				MTL_ENABLE_DEBUG_INFO = INCLUDE_SOURCE;
				MTL_FAST_MATH = YES;
				ONLY_ACTIVE_ARCH = YES;
				SDKROOT = iphoneos;
				SWIFT_ACTIVE_COMPILATION_CONDITIONS = DEBUG;
				SWIFT_OPTIMIZATION_LEVEL = "-Onone";
			};
			name = Debug;
		};
		CAFEBABECAFEBABE00000036 /* Release */ = {
			isa = XCBuildConfiguration;
			buildSettings = {
				ALWAYS_SEARCH_USER_PATHS = NO;
				CLANG_ANALYZER_NONNULL = YES;
				CLANG_ANALYZER_NUMBER_OBJECT_CONVERSION = YES_AGGRESSIVE;
				CLANG_CXX_LANGUAGE_STANDARD = "gnu++20";
				CLANG_ENABLE_MODULES = YES;
				CLANG_ENABLE_OBJC_ARC = YES;
				CLANG_ENABLE_OBJC_WEAK = YES;
				CLANG_WARN_BLOCK_CAPTURE_AUTORELEASING = YES;
				CLANG_WARN_BOOL_CONVERSION = YES;
				CLANG_WARN_COMMA = YES;
				CLANG_WARN_CONSTANT_CONVERSION = YES;
				CLANG_WARN_DEPRECATED_OBJC_IMPLEMENTATIONS = YES;
				CLANG_WARN_DIRECT_OBJC_ISA_USAGE = YES_ERROR;
				CLANG_WARN_DOCUMENTATION_COMMENTS = YES;
				CLANG_WARN_EMPTY_BODY = YES;
				CLANG_WARN_ENUM_CONVERSION = YES;
				CLANG_WARN_INFINITE_LOOPS = YES;
				CLANG_WARN_INT_CONVERSION = YES;
				CLANG_WARN_NON_LITERAL_NULL_CONVERSION = YES;
				CLANG_WARN_OBJC_IMPLICIT_RETAIN_CYCLES = YES;
				CLANG_WARN_OBJC_LITERAL_CONVERSION = YES;
				CLANG_WARN_OBJC_ROOT_CLASS = YES_ERROR;
				CLANG_WARN_QUOTED_INCLUDE_IN_FRAMEWORK_HEADER = YES;
				CLANG_WARN_RANGE_LOOP_ANALYSIS = YES;
				CLANG_WARN_STRICT_PROTOTYPES = YES;
				CLANG_WARN_SUSPICIOUS_MOVE = YES;
				CLANG_WARN_UNGUARDED_AVAILABILITY = YES_AGGRESSIVE;
				CLANG_WARN_UNREACHABLE_CODE = YES;
				CLANG_WARN__DUPLICATE_METHOD_MATCH = YES;
				COPY_PHASE_STRIP = NO;
				DEBUG_INFORMATION_FORMAT = "dwarf-with-dsym";
				ENABLE_NS_ASSERTIONS = NO;
				ENABLE_STRICT_OBJC_MSGSEND = YES;
				ENABLE_USER_SCRIPT_SANDBOXING = YES;
				GCC_C_LANGUAGE_STANDARD = gnu17;
				GCC_NO_COMMON_BLOCKS = YES;
				GCC_WARN_64_TO_32_BIT_CONVERSION = YES;
				GCC_WARN_ABOUT_RETURN_TYPE = YES_ERROR;
				GCC_WARN_UNDECLARED_SELECTOR = YES;
				GCC_WARN_UNINITIALIZED_AUTOS = YES_AGGRESSIVE;
				GCC_WARN_UNUSED_FUNCTION = YES;
				GCC_WARN_UNUSED_VARIABLE = YES;
				IPHONEOS_DEPLOYMENT_TARGET = 17.0;
				MTL_FAST_MATH = YES;
				SDKROOT = iphoneos;
				SWIFT_COMPILATION_MODE = wholemodule;
				SWIFT_OPTIMIZATION_LEVEL = "-O";
				VALIDATE_PRODUCT = YES;
			};
			name = Release;
		};
		CAFEBABECAFEBABE00000037 /* Debug */ = {
			isa = XCBuildConfiguration;
			buildSettings = {
				ASSETCATALOG_COMPILER_APPICON_NAME = AppIcon;
				ASSETCATALOG_COMPILER_GLOBAL_ACCENT_COLOR_NAME = AccentColor;
				CODE_SIGN_ENTITLEMENTS = "Freshtie/Freshtie.entitlements";
				CODE_SIGN_STYLE = Automatic;
				CURRENT_PROJECT_VERSION = 1;
				ENABLE_PREVIEWS = YES;
				GENERATE_INFOPLIST_FILE = YES;
				INFOPLIST_KEY_NSContactsUsageDescription = "Freshtie uses Contacts so you can quickly add the people you talk to.";
				INFOPLIST_KEY_NSMicrophoneUsageDescription = "Freshtie uses the microphone so you can capture notes by speaking.";
				INFOPLIST_KEY_NSSpeechRecognitionUsageDescription = "Freshtie uses speech recognition to transcribe your spoken notes.";
				INFOPLIST_KEY_UIApplicationSceneManifest_Generation = YES;
				INFOPLIST_KEY_UIApplicationSupportsIndirectInputEvents = YES;
				INFOPLIST_KEY_UILaunchScreen_Generation = YES;
				INFOPLIST_KEY_UISupportedInterfaceOrientations_iPhone = UIInterfaceOrientationPortrait;
				LD_RUNPATH_SEARCH_PATHS = (
					"$(inherited)",
					"@executable_path/Frameworks",
				);
				MARKETING_VERSION = 1.0;
				PRODUCT_BUNDLE_IDENTIFIER = com.freshtie.app;
				PRODUCT_NAME = "$(TARGET_NAME)";
				SWIFT_EMIT_LOC_STRINGS = YES;
				SWIFT_VERSION = 5.0;
				TARGETED_DEVICE_FAMILY = 1;
			};
			name = Debug;
		};
		CAFEBABECAFEBABE00000038 /* Release */ = {
			isa = XCBuildConfiguration;
			buildSettings = {
				ASSETCATALOG_COMPILER_APPICON_NAME = AppIcon;
				ASSETCATALOG_COMPILER_GLOBAL_ACCENT_COLOR_NAME = AccentColor;
				CODE_SIGN_ENTITLEMENTS = "Freshtie/Freshtie.entitlements";
				CODE_SIGN_STYLE = Automatic;
				CURRENT_PROJECT_VERSION = 1;
				ENABLE_PREVIEWS = YES;
				GENERATE_INFOPLIST_FILE = YES;
				INFOPLIST_KEY_NSContactsUsageDescription = "Freshtie uses Contacts so you can quickly add the people you talk to.";
				INFOPLIST_KEY_NSMicrophoneUsageDescription = "Freshtie uses the microphone so you can capture notes by speaking.";
				INFOPLIST_KEY_NSSpeechRecognitionUsageDescription = "Freshtie uses speech recognition to transcribe your spoken notes.";
				INFOPLIST_KEY_UIApplicationSceneManifest_Generation = YES;
				INFOPLIST_KEY_UIApplicationSupportsIndirectInputEvents = YES;
				INFOPLIST_KEY_UILaunchScreen_Generation = YES;
				INFOPLIST_KEY_UISupportedInterfaceOrientations_iPhone = UIInterfaceOrientationPortrait;
				LD_RUNPATH_SEARCH_PATHS = (
					"$(inherited)",
					"@executable_path/Frameworks",
				);
				MARKETING_VERSION = 1.0;
				PRODUCT_BUNDLE_IDENTIFIER = com.freshtie.app;
				PRODUCT_NAME = "$(TARGET_NAME)";
				SWIFT_EMIT_LOC_STRINGS = YES;
				SWIFT_VERSION = 5.0;
				TARGETED_DEVICE_FAMILY = 1;
			};
			name = Release;
		};
		CAFEBABECAFEBABE0000006A /* Debug */ = {
			isa = XCBuildConfiguration;
			buildSettings = {
				BUNDLE_LOADER = "$(TEST_HOST)";
				CODE_SIGN_STYLE = Automatic;
				CURRENT_PROJECT_VERSION = 1;
				GENERATE_INFOPLIST_FILE = YES;
				IPHONEOS_DEPLOYMENT_TARGET = 17.0;
				MARKETING_VERSION = 1.0;
				PRODUCT_BUNDLE_IDENTIFIER = com.freshtie.app.tests;
				PRODUCT_NAME = "$(TARGET_NAME)";
				SWIFT_VERSION = 5.0;
				TARGETED_DEVICE_FAMILY = 1;
				TEST_HOST = "$(BUILT_PRODUCTS_DIR)/Freshtie.app/$(BUNDLE_EXECUTABLE_FOLDER_PATH)/Freshtie";
			};
			name = Debug;
		};
		CAFEBABECAFEBABE0000006B /* Release */ = {
			isa = XCBuildConfiguration;
			buildSettings = {
				BUNDLE_LOADER = "$(TEST_HOST)";
				CODE_SIGN_STYLE = Automatic;
				CURRENT_PROJECT_VERSION = 1;
				GENERATE_INFOPLIST_FILE = YES;
				IPHONEOS_DEPLOYMENT_TARGET = 17.0;
				MARKETING_VERSION = 1.0;
				PRODUCT_BUNDLE_IDENTIFIER = com.freshtie.app.tests;
				PRODUCT_NAME = "$(TARGET_NAME)";
				SWIFT_VERSION = 5.0;
				TARGETED_DEVICE_FAMILY = 1;
				TEST_HOST = "$(BUILT_PRODUCTS_DIR)/Freshtie.app/$(BUNDLE_EXECUTABLE_FOLDER_PATH)/Freshtie";
			};
			name = Release;
		};

		CAFEBABECAFE1011 /* Debug (FreshtieShare) */ = {
			isa = XCBuildConfiguration;
			buildSettings = {
				ALWAYS_EMBED_SWIFT_STANDARD_LIBRARIES = NO;
				CODE_SIGN_ENTITLEMENTS = "FreshtieShare/FreshtieShare.entitlements";
				CODE_SIGN_STYLE = Automatic;
				CURRENT_PROJECT_VERSION = 1;
				GENERATE_INFOPLIST_FILE = NO;
				INFOPLIST_FILE = "FreshtieShare/Info.plist";
				IPHONEOS_DEPLOYMENT_TARGET = 17.0;
				LD_RUNPATH_SEARCH_PATHS = (
					"$(inherited)",
					"@executable_path/../../Frameworks",
				);
				MARKETING_VERSION = 1.0;
				PRODUCT_BUNDLE_IDENTIFIER = "com.freshtie.app.shareextension";
				PRODUCT_NAME = FreshtieShare;
				SKIP_INSTALL = YES;
				SWIFT_VERSION = 5.0;
				TARGETED_DEVICE_FAMILY = 1;
			};
			name = Debug;
		};
		CAFEBABECAFE1012 /* Release (FreshtieShare) */ = {
			isa = XCBuildConfiguration;
			buildSettings = {
				ALWAYS_EMBED_SWIFT_STANDARD_LIBRARIES = NO;
				CODE_SIGN_ENTITLEMENTS = "FreshtieShare/FreshtieShare.entitlements";
				CODE_SIGN_STYLE = Automatic;
				CURRENT_PROJECT_VERSION = 1;
				GENERATE_INFOPLIST_FILE = NO;
				INFOPLIST_FILE = "FreshtieShare/Info.plist";
				IPHONEOS_DEPLOYMENT_TARGET = 17.0;
				LD_RUNPATH_SEARCH_PATHS = (
					"$(inherited)",
					"@executable_path/../../Frameworks",
				);
				MARKETING_VERSION = 1.0;
				PRODUCT_BUNDLE_IDENTIFIER = "com.freshtie.app.shareextension";
				PRODUCT_NAME = FreshtieShare;
				SKIP_INSTALL = YES;
				SWIFT_VERSION = 5.0;
				TARGETED_DEVICE_FAMILY = 1;
			};
			name = Release;
		};
/* End XCBuildConfiguration section */

/* Begin XCConfigurationList section */
		CAFEBABECAFEBABE00000039 /* Build configuration list for PBXProject "Freshtie" */ = {
			isa = XCConfigurationList;
			buildConfigurations = (
				CAFEBABECAFEBABE00000035 /* Debug */,
				CAFEBABECAFEBABE00000036 /* Release */,
			);
			defaultConfigurationIsVisible = 0;
			defaultConfigurationName = Release;
		};
		CAFEBABECAFEBABE0000003A /* Build configuration list for PBXNativeTarget "Freshtie" */ = {
			isa = XCConfigurationList;
			buildConfigurations = (
				CAFEBABECAFEBABE00000037 /* Debug */,
				CAFEBABECAFEBABE00000038 /* Release */,
			);
			defaultConfigurationIsVisible = 0;
			defaultConfigurationName = Release;
		};
		CAFEBABECAFEBABE0000006C /* Build configuration list for PBXNativeTarget "FreshtieTests" */ = {
			isa = XCConfigurationList;
			buildConfigurations = (
				CAFEBABECAFEBABE0000006A /* Debug */,
				CAFEBABECAFEBABE0000006B /* Release */,
			);
			defaultConfigurationIsVisible = 0;
			defaultConfigurationName = Release;
		};

		CAFEBABECAFE1013 /* Build configuration list for PBXNativeTarget "FreshtieShare" */ = {
			isa = XCConfigurationList;
			buildConfigurations = (
				CAFEBABECAFE1011 /* Debug */,
				CAFEBABECAFE1012 /* Release */,
			);
			defaultConfigurationIsVisible = 0;
			defaultConfigurationName = Release;
		};
/* End XCConfigurationList section */
	};
	rootObject = CAFEBABECAFEBABE0000003C /* Project object */;
}
